schema: '2.0'
stages:
  stage_name:
    cmd: python src/stage_01_get_data.py --config=configs/config.yaml
    deps:
    - path: configs/config.yaml
      md5: 955ebab581f4fc6d2f2396a98790ee89
      size: 525
    - path: src/stage_01_get_data.py
      md5: 883b041e79f034ff21409334ffbab8e4
      size: 1684
    - path: src/utils/common.py
      md5: d162961d817182441383bdb0e674e685
      size: 675
    outs:
    - path: data/data.xml
      md5: a304afb96060aad90176268345e10355
      size: 37891850
  get_data:
    cmd: python src/stage_01_get_data.py --config=configs/config.yaml
    deps:
    - path: configs/config.yaml
      md5: 2f799a7e2daf88d23dde64991cc95a1c
      size: 753
    - path: src/stage_01_get_data.py
      md5: 883b041e79f034ff21409334ffbab8e4
      size: 1684
    - path: src/utils/common.py
      md5: 3f0e1baafa075fc4fde7bf724c6bbd66
      size: 1115
    outs:
    - path: data/data.xml
      md5: a304afb96060aad90176268345e10355
      size: 37891850
  prepare_data:
    cmd: python src/stage_02_prepare.py --config=configs/config.yaml --params=params.yaml
    deps:
    - path: configs/config.yaml
      md5: 2f799a7e2daf88d23dde64991cc95a1c
      size: 753
    - path: data/data.xml
      md5: a304afb96060aad90176268345e10355
      size: 37891850
    - path: src/stage_02_prepare.py
      md5: b6f29af14f0fe25c5f0b9d3c6527abad
      size: 2261
    - path: src/utils/common.py
      md5: 3f0e1baafa075fc4fde7bf724c6bbd66
      size: 1115
    - path: src/utils/data_mgmt.py
      md5: a1e2c9bc9ecb226af3669e9cfeb4f8d9
      size: 999
    params:
      params.yaml:
        prepare.seed: 123
        prepare.split: 0.3
    outs:
    - path: artifacts/prepared/test.tsv
      md5: 36705525141bb046f69d7d224652087c
      size: 7185669
    - path: artifacts/prepared/train.tsv
      md5: 024f9c390c0e5ac047b3ef539017c581
      size: 16675650
  featurize_data:
    cmd: python src/stage_03_featurization.py --config=configs/config.yaml --params=params.yaml
    deps:
    - path: artifacts/prepared/test.tsv
      md5: 36705525141bb046f69d7d224652087c
      size: 7185669
    - path: artifacts/prepared/train.tsv
      md5: 024f9c390c0e5ac047b3ef539017c581
      size: 16675650
    - path: configs/config.yaml
      md5: 2f799a7e2daf88d23dde64991cc95a1c
      size: 753
    - path: src/stage_03_featurization.py
      md5: 1640c66b703f364b85a525945d3fa172
      size: 3468
    - path: src/utils/common.py
      md5: 3f0e1baafa075fc4fde7bf724c6bbd66
      size: 1115
    - path: src/utils/featuerize.py
      md5: d3490e7f724855f3369163c99cf2da33
      size: 623
    params:
      params.yaml:
        featurize.max_features: 3000
        featurize.ngrams: 2
    outs:
    - path: artifacts/features/test.pkl
      md5: d11af9fa4c467d0ab2e2805ec359611d
      size: 3896259
    - path: artifacts/features/train.pkl
      md5: 3cb178082d571fbdfa25296311ac9cc8
      size: 9116275
  train:
    cmd: python src/stage_04_model_training.py --config=configs/config.yaml --params=params.yaml
    deps:
    - path: artifacts/features/test.pkl
      md5: d11af9fa4c467d0ab2e2805ec359611d
      size: 3896259
    - path: artifacts/features/train.pkl
      md5: 3cb178082d571fbdfa25296311ac9cc8
      size: 9116275
    - path: configs/config.yaml
      md5: 2f799a7e2daf88d23dde64991cc95a1c
      size: 753
    - path: src/stage_04_model_training.py
      md5: ba412c7eed385c6cb998c94088f2ab53
      size: 2525
    params:
      params.yaml:
        train.min_split: 60
        train.n_est: 100
        train.seed: 122
    outs:
    - path: artifacts/model/model.pkl
      md5: 8295df6e16094c1825ecb3e5d4d9c38c
      size: 257642512
